# This file is automatically @generated by Cargo.
# It is not intended for manual editing.
version = 4

[[package]]
name = "garage-app"
version = "0.1.0"

[[package]]
name = "garage-domain"
version = "0.1.0"

[[package]]
name = "garage-infra"
version = "0.1.0"

[[package]]
name = "garage-telegram"
version = "0.1.0"
